github.com/BurntSushi/toml v0.3.1 h1:WXkYYl6Yr3qBf1K79EBnL4mak0OimBfB0XUf9Vl28OQ=
github.com/BurntSushi/toml v0.3.1/go.mod h1:xHWCNGjB5oqiDr8zfno3MHue2Ht5sIBksp03qcyfWMU=
github.com/databus23/keystone v0.0.0-20180111110916-350fd0e663cd h1:OptdAs3t90tBs6w+lAJVVhBQj3/gqHh1tAQQBL5r08M=
github.com/databus23/keystone v0.0.0-20180111110916-350fd0e663cd/go.mod h1:TtJx0X0i4vIrVWmEEDScoV1pI2IRk0xnLSOdkBOSNgQ=
github.com/google/uuid v1.1.1 h1:Gkbcsh/GbpXz7lPftLA3P6TYMwjCLYm83jiFQZF/3gY=
github.com/google/uuid v1.1.1/go.mod h1:TIyPZe4MgqvfeYDBFedMoGGpEw/LqOeaOT+nhxU+yHo=
github.com/gophercloud/gophercloud v0.6.0 h1:Xb2lcqZtml1XjgYZxbeayEemq7ASbeTp09m36gQFpEU=
github.com/gophercloud/gophercloud v0.6.0/go.mod h1:GICNByuaEBibcjmjvI7QvYJSZEbGkcYwAR7EZK2WMqM=
github.com/gorilla/handlers v1.4.2 h1:0QniY0USkHQ1RGCLfKxeNHK9bkDHGRYGNDFBCS+YARg=
github.com/gorilla/handlers v1.4.2/go.mod h1:Qkdc/uu4tH4g6mTK6auzZ766c4CA0Ng8+o/OAirnOIQ=
github.com/gorilla/mux v1.7.3 h1:gnP5JzjVOuiZD07fKKToCAOjS0yOpj/qPETTXCCS6hw=
github.com/gorilla/mux v1.7.3/go.mod h1:1lud6UwP+6orDFRuTfBEV8e9/aOM/c4fVVCaMa2zaAs=
github.com/gorilla/websocket v1.4.1 h1:q7AeDBpnBk8AogcD4DSag/Ukw/KV+YhzLj2bP5HvKCM=
github.com/gorilla/websocket v1.4.1/go.mod h1:YR8l580nyteQvAITg2hZ9XVh4b55+EU/adAjf1fMHhE=
github.com/influxdata/influxdb1-client v0.0.0-20190809212627-fc22c7df067e h1:txQltCyjXAqVVSZDArPEhUTg35hKwVIuXwtQo7eAMNQ=
github.com/influxdata/influxdb1-client v0.0.0-20190809212627-fc22c7df067e/go.mod h1:qj24IKcXYK6Iy9ceXlo3Tc+vtHo9lIhSX5JddghvEPo=
github.com/juju/loggo v0.0.0-20190526231331-6e530bcce5d8 h1:UUHMLvzt/31azWTN/ifGWef4WUqvXk0iRqdhdy/2uzI=
github.com/juju/loggo v0.0.0-20190526231331-6e530bcce5d8/go.mod h1:vgyd7OREkbtVEN/8IXZe5Ooef3LQePvuBm9UWj6ZL8U=
github.com/pkg/errors v0.8.1 h1:iURUrRGxPUNPdy5/HRSm+Yj6okJ6UtLINN0Q9M4+h3I=
github.com/pkg/errors v0.8.1/go.mod h1:bwawxfHBFNV+L2hUp1rHADufV3IMtnDRdf1r5NINEl0=
golang.org/x/crypto v0.0.0-20190308221718-c2843e01d9a2/go.mod h1:djNgcEr1/C05ACkg1iLfiJU5Ep61QUkGW8qpdssI0+w=
golang.org/x/sys v0.0.0-20190215142949-d0b11bdaac8a/go.mod h1:STP8DvDyc/dI5b8T5hshtkjS+E42TnysNCUPdjciGhY=
gopkg.in/check.v1 v0.0.0-20161208181325-20d25e280405/go.mod h1:Co6ibVJAznAaIkqp8huTwlJQCZ016jof/cbN4VW5Yz0=
gopkg.in/mcuadros/go-syslog.v2 v2.3.0 h1:kcsiS+WsTKyIEPABJBJtoG0KkOS6yzvJ+/eZlhD79kk=
gopkg.in/mcuadros/go-syslog.v2 v2.3.0/go.mod h1:l5LPIyOOyIdQquNg+oU6Z3524YwrcqEm0aKH+5zpt2U=
gopkg.in/yaml.v2 v2.2.4/go.mod h1:hI93XBmqTisBFMUTm0b8Fm+jr3Dg1NNxqwp+5A1VGuI=
